
Microsoft Visual Studio Solution File, Format Version 12.00
# Visual Studio Version 16
VisualStudioVersion = 16.0.31112.23
MinimumVisualStudioVersion = 10.0.40219.1
Project("{FAE04EC0-301F-11D3-BF4B-00C04F79EFBC}") = "MedicalAPI", "MedicalAPI\MedicalAPI.csproj", "{1BFF307E-01D5-4310-922C-9284487C69AE}"
EndProject
Global
	GlobalSection(SolutionConfigurationPlatforms) = preSolution
		Debug|Any CPU = Debug|Any CPU
		Release|Any CPU = Release|Any CPU
	EndGlobalSection
	GlobalSection(ProjectConfigurationPlatforms) = postSolution
		{1BFF307E-01D5-4310-922C-9284487C69AE}.Debug|Any CPU.ActiveCfg = Debug|Any CPU
		{1BFF307E-01D5-4310-922C-9284487C69AE}.Debug|Any CPU.Build.0 = Debug|Any CPU
		{1BFF307E-01D5-4310-922C-9284487C69AE}.Release|Any CPU.ActiveCfg = Release|Any CPU
		{1BFF307E-01D5-4310-922C-9284487C69AE}.Release|Any CPU.Build.0 = Release|Any CPU
	EndGlobalSection
	GlobalSection(SolutionProperties) = preSolution
		HideSolutionNode = FALSE
	EndGlobalSection
	GlobalSection(ExtensibilityGlobals) = postSolution
		SolutionGuid = {E4EC47E7-0168-4A92-A97D-A3587E903B0F}
	EndGlobalSection
EndGlobal
